
Microsoft Visual Studio Solution File, Format Version 12.00
# Visual Studio Version 16
VisualStudioVersion = 16.0.31129.286
MinimumVisualStudioVersion = 10.0.40219.1
Project("{9A19103F-16F7-4668-BE54-9A1E7A4F7556}") = "QRCodekun", "QRCodekun\QRCodekun.csproj", "{07F49F0D-5678-4B11-AE6A-E93506000E75}"
EndProject
Project("{9A19103F-16F7-4668-BE54-9A1E7A4F7556}") = "MVVMCore", "MVVMCore\MVVMCore.csproj", "{B4DE266D-4146-4AB3-9931-E9B52723A114}"
EndProject
Global
	GlobalSection(SolutionConfigurationPlatforms) = preSolution
		Debug|Any CPU = Debug|Any CPU
		Release|Any CPU = Release|Any CPU
	EndGlobalSection
	GlobalSection(ProjectConfigurationPlatforms) = postSolution
		{07F49F0D-5678-4B11-AE6A-E93506000E75}.Debug|Any CPU.ActiveCfg = Debug|Any CPU
		{07F49F0D-5678-4B11-AE6A-E93506000E75}.Debug|Any CPU.Build.0 = Debug|Any CPU
		{07F49F0D-5678-4B11-AE6A-E93506000E75}.Release|Any CPU.ActiveCfg = Release|Any CPU
		{07F49F0D-5678-4B11-AE6A-E93506000E75}.Release|Any CPU.Build.0 = Release|Any CPU
		{B4DE266D-4146-4AB3-9931-E9B52723A114}.Debug|Any CPU.ActiveCfg = Debug|Any CPU
		{B4DE266D-4146-4AB3-9931-E9B52723A114}.Debug|Any CPU.Build.0 = Debug|Any CPU
		{B4DE266D-4146-4AB3-9931-E9B52723A114}.Release|Any CPU.ActiveCfg = Release|Any CPU
		{B4DE266D-4146-4AB3-9931-E9B52723A114}.Release|Any CPU.Build.0 = Release|Any CPU
	EndGlobalSection
	GlobalSection(SolutionProperties) = preSolution
		HideSolutionNode = FALSE
	EndGlobalSection
	GlobalSection(ExtensibilityGlobals) = postSolution
		SolutionGuid = {7F3CBB5D-2A08-44D1-93E6-63D389E8E4FA}
	EndGlobalSection
EndGlobal
